
Microsoft Visual Studio Solution File, Format Version 12.00
# Visual Studio 15
VisualStudioVersion = 15.0.26730.15
MinimumVisualStudioVersion = 10.0.40219.1
Project("{8BC9CEB8-8B4A-11D0-8D11-00A0C91BC942}") = "STG1", "STG1\STG1.vcxproj", "{7398ACF8-6FEE-4E43-B646-2645C7288EE5}"
EndProject
Global
	GlobalSection(SolutionConfigurationPlatforms) = preSolution
		Debug|x64 = Debug|x64
		Debug|x86 = Debug|x86
		Release|x64 = Release|x64
		Release|x86 = Release|x86
	EndGlobalSection
	GlobalSection(ProjectConfigurationPlatforms) = postSolution
		{7398ACF8-6FEE-4E43-B646-2645C7288EE5}.Debug|x64.ActiveCfg = Debug|x64
		{7398ACF8-6FEE-4E43-B646-2645C7288EE5}.Debug|x64.Build.0 = Debug|x64
		{7398ACF8-6FEE-4E43-B646-2645C7288EE5}.Debug|x86.ActiveCfg = Debug|Win32
		{7398ACF8-6FEE-4E43-B646-2645C7288EE5}.Debug|x86.Build.0 = Debug|Win32
		{7398ACF8-6FEE-4E43-B646-2645C7288EE5}.Release|x64.ActiveCfg = Release|x64
		{7398ACF8-6FEE-4E43-B646-2645C7288EE5}.Release|x64.Build.0 = Release|x64
		{7398ACF8-6FEE-4E43-B646-2645C7288EE5}.Release|x86.ActiveCfg = Release|Win32
		{7398ACF8-6FEE-4E43-B646-2645C7288EE5}.Release|x86.Build.0 = Release|Win32
	EndGlobalSection
	GlobalSection(SolutionProperties) = preSolution
		HideSolutionNode = FALSE
	EndGlobalSection
	GlobalSection(ExtensibilityGlobals) = postSolution
		SolutionGuid = {8108E70C-86D4-4124-9E38-FB003A7B53BE}
	EndGlobalSection
EndGlobal
