<?xml version="1.0" encoding="utf-8"?>
<Project ToolsVersion="4.0" xmlns="http://schemas.microsoft.com/developer/msbuild/2003">
  <ItemGroup>
    <Filter Include="Source Files">
      <UniqueIdentifier>{4FC737F1-C7A5-4376-A066-2A32D752A2FF}</UniqueIdentifier>
      <Extensions>cpp;c;cc;cxx;def;odl;idl;hpj;bat;asm;asmx</Extensions>
    </Filter>
    <Filter Include="Resource Files">
      <UniqueIdentifier>{67DA6AB6-F800-4c08-8B7A-83BB121AAD01}</UniqueIdentifier>
      <Extensions>rc;ico;cur;bmp;dlg;rc2;rct;bin;rgs;gif;jpg;jpeg;jpe;resx;tiff;tif;png;wav;mfcribbon-ms</Extensions>
    </Filter>
    <Filter Include="Source Files\Main Loop">
      <UniqueIdentifier>{f564bb5d-118a-4e58-8cb5-7686a3756274}</UniqueIdentifier>
    </Filter>
    <Filter Include="Source Files\WorldLoading">
      <UniqueIdentifier>{a449680e-f1fc-40c5-94ff-f1053372dcda}</UniqueIdentifier>
    </Filter>
    <Filter Include="Source Files\World">
      <UniqueIdentifier>{63c3fb24-6860-42ab-80d1-6725ada6467e}</UniqueIdentifier>
    </Filter>
    <Filter Include="Source Files\WorldControllers">
      <UniqueIdentifier>{029c7ce6-3935-4901-b046-069cd9461846}</UniqueIdentifier>
    </Filter>
    <Filter Include="Source Files\Weapons">
      <UniqueIdentifier>{e35bf9b9-61ab-4a8e-8b40-f17195a06367}</UniqueIdentifier>
    </Filter>
    <Filter Include="Source Files\Drawables">
      <UniqueIdentifier>{90e2d0b0-4b6a-4064-af6f-988404a5e11f}</UniqueIdentifier>
    </Filter>
    <Filter Include="Source Files\Drawables\Sprites">
      <UniqueIdentifier>{f7f10fd9-4d5d-4d6b-908f-0319ea14141b}</UniqueIdentifier>
    </Filter>
    <Filter Include="Source Files\UI">
      <UniqueIdentifier>{125d15ea-692d-4ec2-98b8-68bbb20ada2e}</UniqueIdentifier>
    </Filter>
    <Filter Include="Source Files\Drawables\Sprites\AI">
      <UniqueIdentifier>{98d9c7ca-a0fe-4e44-8eb2-e48736024c62}</UniqueIdentifier>
    </Filter>
    <Filter Include="Source Files\Drawables\Sprites\Controls">
      <UniqueIdentifier>{4cb50bc0-a1a2-4391-bd95-ae003b0e83b4}</UniqueIdentifier>
    </Filter>
    <Filter Include="Source Files\Drawables\Controls">
      <UniqueIdentifier>{eb0609e5-2d32-40cc-aae3-8743d1234cd8}</UniqueIdentifier>
    </Filter>
  </ItemGroup>
  <ItemGroup>
    <ClCompile Include="World\World.cpp">
      <Filter>Source Files\World</Filter>
    </ClCompile>
    <ClCompile Include="WorldLoading\MapReader.cpp">
      <Filter>Source Files\WorldLoading</Filter>
    </ClCompile>
    <ClCompile Include="MainProcedure\main.cpp">
      <Filter>Source Files\Main Loop</Filter>
    </ClCompile>
    <ClCompile Include="MainProcedure\Window.cpp">
      <Filter>Source Files\Main Loop</Filter>
    </ClCompile>
    <ClCompile Include="glad.c">
      <Filter>Resource Files</Filter>
    </ClCompile>
    <ClCompile Include="MainProcedure\GameInitializer.cpp">
      <Filter>Source Files\Main Loop</Filter>
    </ClCompile>
    <ClCompile Include="WorldControlers\WorldControler.cpp">
      <Filter>Source Files\WorldControllers</Filter>
    </ClCompile>
    <ClCompile Include="World\Boundry.cpp">
      <Filter>Source Files\World</Filter>
    </ClCompile>
    <ClCompile Include="World\BoundryMovement.cpp">
      <Filter>Source Files\World</Filter>
    </ClCompile>
    <ClCompile Include="Weapons\BulletCreator.cpp">
      <Filter>Source Files\Weapons</Filter>
    </ClCompile>
    <ClCompile Include="World\Camera.cpp">
      <Filter>Source Files\World</Filter>
    </ClCompile>
    <ClCompile Include="Weapons\Card.cpp">
      <Filter>Source Files\Weapons</Filter>
    </ClCompile>
    <ClCompile Include="WorldLoading\DrawableReader.cpp">
      <Filter>Source Files\WorldLoading</Filter>
    </ClCompile>
    <ClCompile Include="WorldLoading\ObjReader.cpp">
      <Filter>Source Files\WorldLoading</Filter>
    </ClCompile>
    <ClCompile Include="WorldLoading\Shader.cpp">
      <Filter>Source Files\WorldLoading</Filter>
    </ClCompile>
    <ClCompile Include="WorldLoading\TextureLoader.cpp">
      <Filter>Source Files\WorldLoading</Filter>
    </ClCompile>
    <ClCompile Include="UI\UI.cpp">
      <Filter>Source Files\UI</Filter>
    </ClCompile>
    <ClCompile Include="Drawables\Sprites\AI\EnemyAIControler_A.cpp">
      <Filter>Source Files\Drawables\Sprites\AI</Filter>
    </ClCompile>
    <ClCompile Include="Drawables\Sprites\AI\EnemyAIControler.cpp">
      <Filter>Source Files\Drawables\Sprites\AI</Filter>
    </ClCompile>
    <ClCompile Include="Drawables\Sprites\AI\BossAIControler_A.cpp">
      <Filter>Source Files\Drawables\Sprites\AI</Filter>
    </ClCompile>
    <ClCompile Include="Drawables\Sprites\AI\BossAIControler.cpp">
      <Filter>Source Files\Drawables\Sprites\AI</Filter>
    </ClCompile>
    <ClCompile Include="Drawables\Sprites\AI\AIControler.cpp">
      <Filter>Source Files\Drawables\Sprites\AI</Filter>
    </ClCompile>
    <ClCompile Include="Weapons\BulletP.cpp">
      <Filter>Source Files\Weapons</Filter>
    </ClCompile>
    <ClCompile Include="Weapons\BulletA.cpp">
      <Filter>Source Files\Weapons</Filter>
    </ClCompile>
    <ClCompile Include="Weapons\Bullet.cpp">
      <Filter>Source Files\Weapons</Filter>
    </ClCompile>
    <ClCompile Include="Weapons\BombA.cpp">
      <Filter>Source Files\Weapons</Filter>
    </ClCompile>
    <ClCompile Include="Weapons\Bomb.cpp">
      <Filter>Source Files\Weapons</Filter>
    </ClCompile>
    <ClCompile Include="Weapons\CardA.cpp">
      <Filter>Source Files\Weapons</Filter>
    </ClCompile>
    <ClCompile Include="UI\Score.cpp">
      <Filter>Source Files\UI</Filter>
    </ClCompile>
    <ClCompile Include="UI\Lifebar.cpp">
      <Filter>Source Files\UI</Filter>
    </ClCompile>
    <ClCompile Include="UI\Health.cpp">
      <Filter>Source Files\UI</Filter>
    </ClCompile>
    <ClCompile Include="UI\BombsUI.cpp">
      <Filter>Source Files\UI</Filter>
    </ClCompile>
    <ClCompile Include="Drawables\Sprites\Boss.cpp">
      <Filter>Source Files\Drawables\Sprites</Filter>
    </ClCompile>
    <ClCompile Include="Drawables\Sprites\BossA.cpp">
      <Filter>Source Files\Drawables\Sprites</Filter>
    </ClCompile>
    <ClCompile Include="Drawables\Sprites\Enemy.cpp">
      <Filter>Source Files\Drawables\Sprites</Filter>
    </ClCompile>
    <ClCompile Include="Drawables\Sprites\EnemyA.cpp">
      <Filter>Source Files\Drawables\Sprites</Filter>
    </ClCompile>
    <ClCompile Include="Drawables\Sprites\Player.cpp">
      <Filter>Source Files\Drawables\Sprites</Filter>
    </ClCompile>
    <ClCompile Include="Drawables\Sprites\PlayerA.cpp">
      <Filter>Source Files\Drawables\Sprites</Filter>
    </ClCompile>
    <ClCompile Include="Drawables\Sprites\Keybinds.cpp">
      <Filter>Source Files\Drawables\Sprites\Controls</Filter>
    </ClCompile>
    <ClCompile Include="Drawables\Controls.cpp">
      <Filter>Source Files\Drawables\Controls</Filter>
    </ClCompile>
    <ClCompile Include="Drawables\Tile.cpp">
      <Filter>Source Files\Drawables</Filter>
    </ClCompile>
    <ClCompile Include="Drawables\TileA.cpp">
      <Filter>Source Files\Drawables</Filter>
    </ClCompile>
    <ClCompile Include="Drawables\TextGenerator.cpp">
      <Filter>Source Files\Drawables</Filter>
    </ClCompile>
    <ClCompile Include="Drawables\Drawable.cpp">
      <Filter>Source Files\Drawables</Filter>
    </ClCompile>
    <ClCompile Include="Drawables\Sprites\Sprite.cpp">
      <Filter>Source Files\Drawables\Sprites</Filter>
    </ClCompile>
  </ItemGroup>
  <ItemGroup>
    <ClInclude Include="World\World.h">
      <Filter>Source Files\World</Filter>
    </ClInclude>
    <ClInclude Include="WorldLoading\MapReader.h">
      <Filter>Source Files\WorldLoading</Filter>
    </ClInclude>
    <ClInclude Include="MainProcedure\Window.h">
      <Filter>Source Files\Main Loop</Filter>
    </ClInclude>
    <ClInclude Include="MainProcedure\GameInitializer.h">
      <Filter>Source Files\Main Loop</Filter>
    </ClInclude>
    <ClInclude Include="WorldControlers\WorldControler.h">
      <Filter>Source Files\WorldControllers</Filter>
    </ClInclude>
    <ClInclude Include="World\Boundry.h">
      <Filter>Source Files\World</Filter>
    </ClInclude>
    <ClInclude Include="World\BoundryMovement.h">
      <Filter>Source Files\World</Filter>
    </ClInclude>
    <ClInclude Include="Weapons\BulletCreator.h">
      <Filter>Source Files\Weapons</Filter>
    </ClInclude>
    <ClInclude Include="World\Camera.h">
      <Filter>Source Files\World</Filter>
    </ClInclude>
    <ClInclude Include="Weapons\Card.h">
      <Filter>Source Files\Weapons</Filter>
    </ClInclude>
    <ClInclude Include="WorldLoading\DrawableReader.h">
      <Filter>Source Files\WorldLoading</Filter>
    </ClInclude>
    <ClInclude Include="WorldLoading\ObjReader.h">
      <Filter>Source Files\WorldLoading</Filter>
    </ClInclude>
    <ClInclude Include="WorldLoading\Shader.h">
      <Filter>Source Files\WorldLoading</Filter>
    </ClInclude>
    <ClInclude Include="WorldLoading\TextureLoader.h">
      <Filter>Source Files\WorldLoading</Filter>
    </ClInclude>
    <ClInclude Include="UI\UI.h">
      <Filter>Source Files\UI</Filter>
    </ClInclude>
    <ClInclude Include="Drawables\Sprites\AI\" />
    <ClInclude Include="Drawables\Sprites\AI\AIControler.cpp" />
    <ClInclude Include="Drawables\Sprites\AI\BossAIControler.h">
      <Filter>Source Files</Filter>
    </ClInclude>
    <ClInclude Include="Drawables\Sprites\AI\EnemyAIControler_A.h">
      <Filter>Source Files\Drawables\Sprites\AI</Filter>
    </ClInclude>
    <ClInclude Include="Drawables\Sprites\AI\EnemyAIControler.h">
      <Filter>Source Files\Drawables\Sprites\AI</Filter>
    </ClInclude>
    <ClInclude Include="Drawables\Sprites\AI\BossAIControler_A.h">
      <Filter>Source Files\Drawables\Sprites\AI</Filter>
    </ClInclude>
    <ClInclude Include="Drawables\Sprites\AI\BossAIControler.h">
      <Filter>Source Files\Drawables\Sprites\AI</Filter>
    </ClInclude>
    <ClInclude Include="Drawables\Sprites\AI\AIControler.h">
      <Filter>Source Files\Drawables\Sprites\AI</Filter>
    </ClInclude>
    <ClInclude Include="Weapons\CardA.h">
      <Filter>Source Files\Weapons</Filter>
    </ClInclude>
    <ClInclude Include="Weapons\BulletA.h">
      <Filter>Source Files\Weapons</Filter>
    </ClInclude>
    <ClInclude Include="Weapons\Bullet.h">
      <Filter>Source Files\Weapons</Filter>
    </ClInclude>
    <ClInclude Include="Weapons\BulletP.h">
      <Filter>Source Files\Weapons</Filter>
    </ClInclude>
    <ClInclude Include="Weapons\BombA.h">
      <Filter>Source Files\Weapons</Filter>
    </ClInclude>
    <ClInclude Include="Weapons\Bomb.h">
      <Filter>Source Files\Weapons</Filter>
    </ClInclude>
    <ClInclude Include="UI\Score.h">
      <Filter>Source Files\UI</Filter>
    </ClInclude>
    <ClInclude Include="UI\Lifebar.h">
      <Filter>Source Files\UI</Filter>
    </ClInclude>
    <ClInclude Include="UI\Health.h">
      <Filter>Source Files\UI</Filter>
    </ClInclude>
    <ClInclude Include="UI\BombsUI.h">
      <Filter>Source Files\UI</Filter>
    </ClInclude>
    <ClInclude Include="Drawables\Sprites\Boss.h">
      <Filter>Source Files\Drawables\Sprites</Filter>
    </ClInclude>
    <ClInclude Include="Drawables\Sprites\BossA.h">
      <Filter>Source Files\Drawables\Sprites</Filter>
    </ClInclude>
    <ClInclude Include="Drawables\Sprites\Keybinds.h">
      <Filter>Source Files\Drawables\Sprites\Controls</Filter>
    </ClInclude>
    <ClInclude Include="Drawables\Drawable.h">
      <Filter>Source Files\Drawables</Filter>
    </ClInclude>
    <ClInclude Include="Drawables\Controls.h">
      <Filter>Source Files\Drawables\Controls</Filter>
    </ClInclude>
    <ClInclude Include="Drawables\Sprites\Enemy.h">
      <Filter>Source Files\Drawables\Sprites</Filter>
    </ClInclude>
    <ClInclude Include="Drawables\Sprites\EnemyA.h">
      <Filter>Source Files\Drawables\Sprites</Filter>
    </ClInclude>
    <ClInclude Include="Drawables\Sprites\Player.h">
      <Filter>Source Files\Drawables\Sprites</Filter>
    </ClInclude>
    <ClInclude Include="Drawables\Sprites\PlayerA.h">
      <Filter>Source Files\Drawables\Sprites</Filter>
    </ClInclude>
    <ClInclude Include="Drawables\Tile.h">
      <Filter>Source Files\Drawables</Filter>
    </ClInclude>
    <ClInclude Include="Drawables\TileA.h">
      <Filter>Source Files\Drawables</Filter>
    </ClInclude>
    <ClInclude Include="Drawables\TextGenerator.h">
      <Filter>Source Files\Drawables</Filter>
    </ClInclude>
    <ClInclude Include="Drawables\Sprites\Sprite.h">
      <Filter>Source Files\Drawables\Sprites</Filter>
    </ClInclude>
  </ItemGroup>
</Project>